// !$*UTF8*$!
{
	archiveVersion = 1;
	classes = {
	};
	objectVersion = 56;
	objects = {

/* Begin PBXBuildFile section */
		49AF9B222ACC1498009F6404 /* SwiftUI_SocialMediaApp_SampleApp.swift in Sources */ = {isa = PBXBuildFile; fileRef = 49AF9B212ACC1498009F6404 /* SwiftUI_SocialMediaApp_SampleApp.swift */; };
		49AF9B242ACC1498009F6404 /* MainView.swift in Sources */ = {isa = PBXBuildFile; fileRef = 49AF9B232ACC1498009F6404 /* MainView.swift */; };
		49AF9B262ACC149A009F6404 /* Assets.xcassets in Resources */ = {isa = PBXBuildFile; fileRef = 49AF9B252ACC149A009F6404 /* Assets.xcassets */; };
		49AF9B292ACC149A009F6404 /* Preview Assets.xcassets in Resources */ = {isa = PBXBuildFile; fileRef = 49AF9B282ACC149A009F6404 /* Preview Assets.xcassets */; };
		49AF9B332ACC157D009F6404 /* LoginView.swift in Sources */ = {isa = PBXBuildFile; fileRef = 49AF9B322ACC157D009F6404 /* LoginView.swift */; };
		49AF9B352ACD568F009F6404 /* ImagePicker.swift in Sources */ = {isa = PBXBuildFile; fileRef = 49AF9B342ACD568F009F6404 /* ImagePicker.swift */; };
		49AF9B382ACD76C3009F6404 /* FirebaseAuth in Frameworks */ = {isa = PBXBuildFile; productRef = 49AF9B372ACD76C3009F6404 /* FirebaseAuth */; };
		49AF9B3A2ACD76C3009F6404 /* FirebaseDatabaseSwift in Frameworks */ = {isa = PBXBuildFile; productRef = 49AF9B392ACD76C3009F6404 /* FirebaseDatabaseSwift */; };
		49AF9B3C2ACD76C3009F6404 /* FirebaseFirestore in Frameworks */ = {isa = PBXBuildFile; productRef = 49AF9B3B2ACD76C3009F6404 /* FirebaseFirestore */; };
		49AF9B3E2ACD76C3009F6404 /* FirebaseStorage in Frameworks */ = {isa = PBXBuildFile; productRef = 49AF9B3D2ACD76C3009F6404 /* FirebaseStorage */; };
		49AF9B492AD4738A009F6404 /* FirebaseManager.swift in Sources */ = {isa = PBXBuildFile; fileRef = 49AF9B482AD4738A009F6404 /* FirebaseManager.swift */; };
		49AF9B4B2AD4750A009F6404 /* LoginViewModel.swift in Sources */ = {isa = PBXBuildFile; fileRef = 49AF9B4A2AD4750A009F6404 /* LoginViewModel.swift */; };
		49AF9B4D2AD7024C009F6404 /* PostsView.swift in Sources */ = {isa = PBXBuildFile; fileRef = 49AF9B4C2AD7024C009F6404 /* PostsView.swift */; };
		49AF9B4F2AD70565009F6404 /* ProfileView.swift in Sources */ = {isa = PBXBuildFile; fileRef = 49AF9B4E2AD70565009F6404 /* ProfileView.swift */; };
		49AF9B512AD711AC009F6404 /* AddPostView.swift in Sources */ = {isa = PBXBuildFile; fileRef = 49AF9B502AD711AC009F6404 /* AddPostView.swift */; };
		49AF9B532AD711D8009F6404 /* AddPostViewModel.swift in Sources */ = {isa = PBXBuildFile; fileRef = 49AF9B522AD711D8009F6404 /* AddPostViewModel.swift */; };
		49AF9B792ADA95E2009F6404 /* PostsViewModel.swift in Sources */ = {isa = PBXBuildFile; fileRef = 49AF9B782ADA95E2009F6404 /* PostsViewModel.swift */; };
		49AF9B7B2ADA964C009F6404 /* PostModel.swift in Sources */ = {isa = PBXBuildFile; fileRef = 49AF9B7A2ADA964C009F6404 /* PostModel.swift */; };
		49AF9B982ADF02A9009F6404 /* Kingfisher in Frameworks */ = {isa = PBXBuildFile; productRef = 49AF9B972ADF02A9009F6404 /* Kingfisher */; };
/* End PBXBuildFile section */

/* Begin PBXFileReference section */
		49AF9B1E2ACC1498009F6404 /* SwiftUI-SocialMediaApp-Sample.app */ = {isa = PBXFileReference; explicitFileType = wrapper.application; includeInIndex = 0; path = "SwiftUI-SocialMediaApp-Sample.app"; sourceTree = BUILT_PRODUCTS_DIR; };
		49AF9B212ACC1498009F6404 /* SwiftUI_SocialMediaApp_SampleApp.swift */ = {isa = PBXFileReference; lastKnownFileType = sourcecode.swift; path = SwiftUI_SocialMediaApp_SampleApp.swift; sourceTree = "<group>"; };
		49AF9B232ACC1498009F6404 /* MainView.swift */ = {isa = PBXFileReference; lastKnownFileType = sourcecode.swift; path = MainView.swift; sourceTree = "<group>"; };
		49AF9B252ACC149A009F6404 /* Assets.xcassets */ = {isa = PBXFileReference; lastKnownFileType = folder.assetcatalog; path = Assets.xcassets; sourceTree = "<group>"; };
		49AF9B282ACC149A009F6404 /* Preview Assets.xcassets */ = {isa = PBXFileReference; lastKnownFileType = folder.assetcatalog; path = "Preview Assets.xcassets"; sourceTree = "<group>"; };
		49AF9B322ACC157D009F6404 /* LoginView.swift */ = {isa = PBXFileReference; lastKnownFileType = sourcecode.swift; path = LoginView.swift; sourceTree = "<group>"; };
		49AF9B342ACD568F009F6404 /* ImagePicker.swift */ = {isa = PBXFileReference; lastKnownFileType = sourcecode.swift; path = ImagePicker.swift; sourceTree = "<group>"; };
		49AF9B412ACD782D009F6404 /* GoogleService-Info.plist */ = {isa = PBXFileReference; lastKnownFileType = text.plist.xml; path = "GoogleService-Info.plist"; sourceTree = "<group>"; };
		49AF9B482AD4738A009F6404 /* FirebaseManager.swift */ = {isa = PBXFileReference; lastKnownFileType = sourcecode.swift; path = FirebaseManager.swift; sourceTree = "<group>"; };
		49AF9B4A2AD4750A009F6404 /* LoginViewModel.swift */ = {isa = PBXFileReference; lastKnownFileType = sourcecode.swift; path = LoginViewModel.swift; sourceTree = "<group>"; };
		49AF9B4C2AD7024C009F6404 /* PostsView.swift */ = {isa = PBXFileReference; lastKnownFileType = sourcecode.swift; path = PostsView.swift; sourceTree = "<group>"; };
		49AF9B4E2AD70565009F6404 /* ProfileView.swift */ = {isa = PBXFileReference; lastKnownFileType = sourcecode.swift; path = ProfileView.swift; sourceTree = "<group>"; };
		49AF9B502AD711AC009F6404 /* AddPostView.swift */ = {isa = PBXFileReference; lastKnownFileType = sourcecode.swift; path = AddPostView.swift; sourceTree = "<group>"; };
		49AF9B522AD711D8009F6404 /* AddPostViewModel.swift */ = {isa = PBXFileReference; lastKnownFileType = sourcecode.swift; path = AddPostViewModel.swift; sourceTree = "<group>"; };
		49AF9B782ADA95E2009F6404 /* PostsViewModel.swift */ = {isa = PBXFileReference; lastKnownFileType = sourcecode.swift; path = PostsViewModel.swift; sourceTree = "<group>"; };
		49AF9B7A2ADA964C009F6404 /* PostModel.swift */ = {isa = PBXFileReference; lastKnownFileType = sourcecode.swift; path = PostModel.swift; sourceTree = "<group>"; };
/* End PBXFileReference section */

/* Begin PBXFrameworksBuildPhase section */
		49AF9B1B2ACC1498009F6404 /* Frameworks */ = {
			isa = PBXFrameworksBuildPhase;
			buildActionMask = 2147483647;
			files = (
				49AF9B3A2ACD76C3009F6404 /* FirebaseDatabaseSwift in Frameworks */,
				49AF9B3E2ACD76C3009F6404 /* FirebaseStorage in Frameworks */,
				49AF9B382ACD76C3009F6404 /* FirebaseAuth in Frameworks */,
				49AF9B3C2ACD76C3009F6404 /* FirebaseFirestore in Frameworks */,
				49AF9B982ADF02A9009F6404 /* Kingfisher in Frameworks */,
			);
			runOnlyForDeploymentPostprocessing = 0;
		};
/* End PBXFrameworksBuildPhase section */

/* Begin PBXGroup section */
		49AF9B152ACC1498009F6404 = {
			isa = PBXGroup;
			children = (
				49AF9B202ACC1498009F6404 /* SwiftUI-SocialMediaApp-Sample */,
				49AF9B1F2ACC1498009F6404 /* Products */,
			);
			sourceTree = "<group>";
		};
		49AF9B1F2ACC1498009F6404 /* Products */ = {
			isa = PBXGroup;
			children = (
				49AF9B1E2ACC1498009F6404 /* SwiftUI-SocialMediaApp-Sample.app */,
			);
			name = Products;
			sourceTree = "<group>";
		};
		49AF9B202ACC1498009F6404 /* SwiftUI-SocialMediaApp-Sample */ = {
			isa = PBXGroup;
			children = (
				49AF9B212ACC1498009F6404 /* SwiftUI_SocialMediaApp_SampleApp.swift */,
				49AF9B312ACC1506009F6404 /* Models */,
				49AF9B302ACC14F0009F6404 /* Utilities */,
				49AF9B2F2ACC14CD009F6404 /* Views */,
				49AF9B412ACD782D009F6404 /* GoogleService-Info.plist */,
				49AF9B252ACC149A009F6404 /* Assets.xcassets */,
				49AF9B272ACC149A009F6404 /* Preview Content */,
			);
			path = "SwiftUI-SocialMediaApp-Sample";
			sourceTree = "<group>";
		};
		49AF9B272ACC149A009F6404 /* Preview Content */ = {
			isa = PBXGroup;
			children = (
				49AF9B282ACC149A009F6404 /* Preview Assets.xcassets */,
			);
			path = "Preview Content";
			sourceTree = "<group>";
		};
		49AF9B2F2ACC14CD009F6404 /* Views */ = {
			isa = PBXGroup;
			children = (
				49AF9B232ACC1498009F6404 /* MainView.swift */,
				49AF9B322ACC157D009F6404 /* LoginView.swift */,
				49AF9B4C2AD7024C009F6404 /* PostsView.swift */,
				49AF9B4E2AD70565009F6404 /* ProfileView.swift */,
				49AF9B502AD711AC009F6404 /* AddPostView.swift */,
			);
			path = Views;
			sourceTree = "<group>";
		};
		49AF9B302ACC14F0009F6404 /* Utilities */ = {
			isa = PBXGroup;
			children = (
				49AF9B342ACD568F009F6404 /* ImagePicker.swift */,
				49AF9B482AD4738A009F6404 /* FirebaseManager.swift */,
			);
			path = Utilities;
			sourceTree = "<group>";
		};
		49AF9B312ACC1506009F6404 /* Models */ = {
			isa = PBXGroup;
			children = (
				49AF9B4A2AD4750A009F6404 /* LoginViewModel.swift */,
				49AF9B522AD711D8009F6404 /* AddPostViewModel.swift */,
				49AF9B782ADA95E2009F6404 /* PostsViewModel.swift */,
				49AF9B7A2ADA964C009F6404 /* PostModel.swift */,
			);
			path = Models;
			sourceTree = "<group>";
		};
/* End PBXGroup section */

/* Begin PBXNativeTarget section */
		49AF9B1D2ACC1498009F6404 /* SwiftUI-SocialMediaApp-Sample */ = {
			isa = PBXNativeTarget;
			buildConfigurationList = 49AF9B2C2ACC149A009F6404 /* Build configuration list for PBXNativeTarget "SwiftUI-SocialMediaApp-Sample" */;
			buildPhases = (
				49AF9B1A2ACC1498009F6404 /* Sources */,
				49AF9B1B2ACC1498009F6404 /* Frameworks */,
				49AF9B1C2ACC1498009F6404 /* Resources */,
			);
			buildRules = (
			);
			dependencies = (
			);
			name = "SwiftUI-SocialMediaApp-Sample";
			packageProductDependencies = (
				49AF9B372ACD76C3009F6404 /* FirebaseAuth */,
				49AF9B392ACD76C3009F6404 /* FirebaseDatabaseSwift */,
				49AF9B3B2ACD76C3009F6404 /* FirebaseFirestore */,
				49AF9B3D2ACD76C3009F6404 /* FirebaseStorage */,
				49AF9B972ADF02A9009F6404 /* Kingfisher */,
			);
			productName = "SwiftUI-SocialMediaApp-Sample";
			productReference = 49AF9B1E2ACC1498009F6404 /* SwiftUI-SocialMediaApp-Sample.app */;
			productType = "com.apple.product-type.application";
		};
/* End PBXNativeTarget section */

/* Begin PBXProject section */
		49AF9B162ACC1498009F6404 /* Project object */ = {
			isa = PBXProject;
			attributes = {
				BuildIndependentTargetsInParallel = 1;
				LastSwiftUpdateCheck = 1500;
				LastUpgradeCheck = 1500;
				TargetAttributes = {
					49AF9B1D2ACC1498009F6404 = {
						CreatedOnToolsVersion = 15.0;
					};
				};
			};
			buildConfigurationList = 49AF9B192ACC1498009F6404 /* Build configuration list for PBXProject "SwiftUI-SocialMediaApp-Sample" */;
			compatibilityVersion = "Xcode 14.0";
			developmentRegion = en;
			hasScannedForEncodings = 0;
			knownRegions = (
				en,
				Base,
			);
			mainGroup = 49AF9B152ACC1498009F6404;
			packageReferences = (
				49AF9B362ACD76C3009F6404 /* XCRemoteSwiftPackageReference "firebase-ios-sdk" */,
				49AF9B962ADF02A9009F6404 /* XCRemoteSwiftPackageReference "Kingfisher" */,
			);
			productRefGroup = 49AF9B1F2ACC1498009F6404 /* Products */;
			projectDirPath = "";
			projectRoot = "";
			targets = (
				49AF9B1D2ACC1498009F6404 /* SwiftUI-SocialMediaApp-Sample */,
			);
		};
/* End PBXProject section */

/* Begin PBXResourcesBuildPhase section */
		49AF9B1C2ACC1498009F6404 /* Resources */ = {
			isa = PBXResourcesBuildPhase;
			buildActionMask = 2147483647;
			files = (
				49AF9B292ACC149A009F6404 /* Preview Assets.xcassets in Resources */,
				49AF9B262ACC149A009F6404 /* Assets.xcassets in Resources */,
			);
			runOnlyForDeploymentPostprocessing = 0;
		};
/* End PBXResourcesBuildPhase section */

/* Begin PBXSourcesBuildPhase section */
		49AF9B1A2ACC1498009F6404 /* Sources */ = {
			isa = PBXSourcesBuildPhase;
			buildActionMask = 2147483647;
			files = (
				49AF9B4F2AD70565009F6404 /* ProfileView.swift in Sources */,
				49AF9B7B2ADA964C009F6404 /* PostModel.swift in Sources */,
				49AF9B512AD711AC009F6404 /* AddPostView.swift in Sources */,
				49AF9B4D2AD7024C009F6404 /* PostsView.swift in Sources */,
				49AF9B332ACC157D009F6404 /* LoginView.swift in Sources */,
				49AF9B352ACD568F009F6404 /* ImagePicker.swift in Sources */,
				49AF9B4B2AD4750A009F6404 /* LoginViewModel.swift in Sources */,
				49AF9B532AD711D8009F6404 /* AddPostViewModel.swift in Sources */,
				49AF9B792ADA95E2009F6404 /* PostsViewModel.swift in Sources */,
				49AF9B492AD4738A009F6404 /* FirebaseManager.swift in Sources */,
				49AF9B242ACC1498009F6404 /* MainView.swift in Sources */,
				49AF9B222ACC1498009F6404 /* SwiftUI_SocialMediaApp_SampleApp.swift in Sources */,
			);
			runOnlyForDeploymentPostprocessing = 0;
		};
/* End PBXSourcesBuildPhase section */

/* Begin XCBuildConfiguration section */
		49AF9B2A2ACC149A009F6404 /* Debug */ = {
			isa = XCBuildConfiguration;
			buildSettings = {
				ALWAYS_SEARCH_USER_PATHS = NO;
				ASSETCATALOG_COMPILER_GENERATE_SWIFT_ASSET_SYMBOL_EXTENSIONS = YES;
				CLANG_ANALYZER_NONNULL = YES;
				CLANG_ANALYZER_NUMBER_OBJECT_CONVERSION = YES_AGGRESSIVE;
				CLANG_CXX_LANGUAGE_STANDARD = "gnu++20";
				CLANG_ENABLE_MODULES = YES;
				CLANG_ENABLE_OBJC_ARC = YES;
				CLANG_ENABLE_OBJC_WEAK = YES;
				CLANG_WARN_BLOCK_CAPTURE_AUTORELEASING = YES;
				CLANG_WARN_BOOL_CONVERSION = YES;
				CLANG_WARN_COMMA = YES;
				CLANG_WARN_CONSTANT_CONVERSION = YES;
				CLANG_WARN_DEPRECATED_OBJC_IMPLEMENTATIONS = YES;
				CLANG_WARN_DIRECT_OBJC_ISA_USAGE = YES_ERROR;
				CLANG_WARN_DOCUMENTATION_COMMENTS = YES;
				CLANG_WARN_EMPTY_BODY = YES;
				CLANG_WARN_ENUM_CONVERSION = YES;
				CLANG_WARN_INFINITE_RECURSION = YES;
				CLANG_WARN_INT_CONVERSION = YES;
				CLANG_WARN_NON_LITERAL_NULL_CONVERSION = YES;
				CLANG_WARN_OBJC_IMPLICIT_RETAIN_SELF = YES;
				CLANG_WARN_OBJC_LITERAL_CONVERSION = YES;
				CLANG_WARN_OBJC_ROOT_CLASS = YES_ERROR;
				CLANG_WARN_QUOTED_INCLUDE_IN_FRAMEWORK_HEADER = YES;
				CLANG_WARN_RANGE_LOOP_ANALYSIS = YES;
				CLANG_WARN_STRICT_PROTOTYPES = YES;
				CLANG_WARN_SUSPICIOUS_MOVE = YES;
				CLANG_WARN_UNGUARDED_AVAILABILITY = YES_AGGRESSIVE;
				CLANG_WARN_UNREACHABLE_CODE = YES;
				CLANG_WARN__DUPLICATE_METHOD_MATCH = YES;
				COPY_PHASE_STRIP = NO;
				DEBUG_INFORMATION_FORMAT = dwarf;
				ENABLE_STRICT_OBJC_MSGSEND = YES;
				ENABLE_TESTABILITY = YES;
				ENABLE_USER_SCRIPT_SANDBOXING = YES;
				GCC_C_LANGUAGE_STANDARD = gnu17;
				GCC_DYNAMIC_NO_PIC = NO;
				GCC_NO_COMMON_BLOCKS = YES;
				GCC_OPTIMIZATION_LEVEL = 0;
				GCC_PREPROCESSOR_DEFINITIONS = (
					"DEBUG=1",
					"$(inherited)",
				);
				GCC_WARN_64_TO_32_BIT_CONVERSION = YES;
				GCC_WARN_ABOUT_RETURN_TYPE = YES_ERROR;
				GCC_WARN_UNDECLARED_SELECTOR = YES;
				GCC_WARN_UNINITIALIZED_AUTOS = YES_AGGRESSIVE;
				GCC_WARN_UNUSED_FUNCTION = YES;
				GCC_WARN_UNUSED_VARIABLE = YES;
				IPHONEOS_DEPLOYMENT_TARGET = 17.0;
				LOCALIZATION_PREFERS_STRING_CATALOGS = YES;
				MTL_ENABLE_DEBUG_INFO = INCLUDE_SOURCE;
				MTL_FAST_MATH = YES;
				ONLY_ACTIVE_ARCH = YES;
				SDKROOT = iphoneos;
				SWIFT_ACTIVE_COMPILATION_CONDITIONS = "DEBUG $(inherited)";
				SWIFT_OPTIMIZATION_LEVEL = "-Onone";
			};
			name = Debug;
		};
		49AF9B2B2ACC149A009F6404 /* Release */ = {
			isa = XCBuildConfiguration;
			buildSettings = {
				ALWAYS_SEARCH_USER_PATHS = NO;
				ASSETCATALOG_COMPILER_GENERATE_SWIFT_ASSET_SYMBOL_EXTENSIONS = YES;
				CLANG_ANALYZER_NONNULL = YES;
				CLANG_ANALYZER_NUMBER_OBJECT_CONVERSION = YES_AGGRESSIVE;
				CLANG_CXX_LANGUAGE_STANDARD = "gnu++20";
				CLANG_ENABLE_MODULES = YES;
				CLANG_ENABLE_OBJC_ARC = YES;
				CLANG_ENABLE_OBJC_WEAK = YES;
				CLANG_WARN_BLOCK_CAPTURE_AUTORELEASING = YES;
				CLANG_WARN_BOOL_CONVERSION = YES;
				CLANG_WARN_COMMA = YES;
				CLANG_WARN_CONSTANT_CONVERSION = YES;
				CLANG_WARN_DEPRECATED_OBJC_IMPLEMENTATIONS = YES;
				CLANG_WARN_DIRECT_OBJC_ISA_USAGE = YES_ERROR;
				CLANG_WARN_DOCUMENTATION_COMMENTS = YES;
				CLANG_WARN_EMPTY_BODY = YES;
				CLANG_WARN_ENUM_CONVERSION = YES;
				CLANG_WARN_INFINITE_RECURSION = YES;
				CLANG_WARN_INT_CONVERSION = YES;
				CLANG_WARN_NON_LITERAL_NULL_CONVERSION = YES;
				CLANG_WARN_OBJC_IMPLICIT_RETAIN_SELF = YES;
				CLANG_WARN_OBJC_LITERAL_CONVERSION = YES;
				CLANG_WARN_OBJC_ROOT_CLASS = YES_ERROR;
				CLANG_WARN_QUOTED_INCLUDE_IN_FRAMEWORK_HEADER = YES;
				CLANG_WARN_RANGE_LOOP_ANALYSIS = YES;
				CLANG_WARN_STRICT_PROTOTYPES = YES;
				CLANG_WARN_SUSPICIOUS_MOVE = YES;
				CLANG_WARN_UNGUARDED_AVAILABILITY = YES_AGGRESSIVE;
				CLANG_WARN_UNREACHABLE_CODE = YES;
				CLANG_WARN__DUPLICATE_METHOD_MATCH = YES;
				COPY_PHASE_STRIP = NO;
				DEBUG_INFORMATION_FORMAT = "dwarf-with-dsym";
				ENABLE_NS_ASSERTIONS = NO;
				ENABLE_STRICT_OBJC_MSGSEND = YES;
				ENABLE_USER_SCRIPT_SANDBOXING = YES;
				GCC_C_LANGUAGE_STANDARD = gnu17;
				GCC_NO_COMMON_BLOCKS = YES;
				GCC_WARN_64_TO_32_BIT_CONVERSION = YES;
				GCC_WARN_ABOUT_RETURN_TYPE = YES_ERROR;
				GCC_WARN_UNDECLARED_SELECTOR = YES;
				GCC_WARN_UNINITIALIZED_AUTOS = YES_AGGRESSIVE;
				GCC_WARN_UNUSED_FUNCTION = YES;
				GCC_WARN_UNUSED_VARIABLE = YES;
				IPHONEOS_DEPLOYMENT_TARGET = 17.0;
				LOCALIZATION_PREFERS_STRING_CATALOGS = YES;
				MTL_ENABLE_DEBUG_INFO = NO;
				MTL_FAST_MATH = YES;
				SDKROOT = iphoneos;
				SWIFT_COMPILATION_MODE = wholemodule;
				VALIDATE_PRODUCT = YES;
			};
			name = Release;
		};
		49AF9B2D2ACC149A009F6404 /* Debug */ = {
			isa = XCBuildConfiguration;
			buildSettings = {
				ASSETCATALOG_COMPILER_APPICON_NAME = AppIcon;
				ASSETCATALOG_COMPILER_GLOBAL_ACCENT_COLOR_NAME = AccentColor;
				CODE_SIGN_STYLE = Automatic;
				CURRENT_PROJECT_VERSION = 1;
				DEVELOPMENT_ASSET_PATHS = "\"SwiftUI-SocialMediaApp-Sample/Preview Content\"";
				ENABLE_PREVIEWS = YES;
				GENERATE_INFOPLIST_FILE = YES;
				INFOPLIST_KEY_UIApplicationSceneManifest_Generation = YES;
				INFOPLIST_KEY_UIApplicationSupportsIndirectInputEvents = YES;
				INFOPLIST_KEY_UILaunchScreen_Generation = YES;
				INFOPLIST_KEY_UISupportedInterfaceOrientations_iPad = "UIInterfaceOrientationPortrait UIInterfaceOrientationPortraitUpsideDown UIInterfaceOrientationLandscapeLeft UIInterfaceOrientationLandscapeRight";
				INFOPLIST_KEY_UISupportedInterfaceOrientations_iPhone = "UIInterfaceOrientationPortrait UIInterfaceOrientationLandscapeLeft UIInterfaceOrientationLandscapeRight";
				LD_RUNPATH_SEARCH_PATHS = (
					"$(inherited)",
					"@executable_path/Frameworks",
				);
				MARKETING_VERSION = 1.0;
				PRODUCT_BUNDLE_IDENTIFIER = "com.ekayaint.SwiftUI-SocialMediaApp-Sample";
				PRODUCT_NAME = "$(TARGET_NAME)";
				SWIFT_EMIT_LOC_STRINGS = YES;
				SWIFT_VERSION = 5.0;
				TARGETED_DEVICE_FAMILY = "1,2";
			};
			name = Debug;
		};
		49AF9B2E2ACC149A009F6404 /* Release */ = {
			isa = XCBuildConfiguration;
			buildSettings = {
				ASSETCATALOG_COMPILER_APPICON_NAME = AppIcon;
				ASSETCATALOG_COMPILER_GLOBAL_ACCENT_COLOR_NAME = AccentColor;
				CODE_SIGN_STYLE = Automatic;
				CURRENT_PROJECT_VERSION = 1;
				DEVELOPMENT_ASSET_PATHS = "\"SwiftUI-SocialMediaApp-Sample/Preview Content\"";
				ENABLE_PREVIEWS = YES;
				GENERATE_INFOPLIST_FILE = YES;
				INFOPLIST_KEY_UIApplicationSceneManifest_Generation = YES;
				INFOPLIST_KEY_UIApplicationSupportsIndirectInputEvents = YES;
				INFOPLIST_KEY_UILaunchScreen_Generation = YES;
				INFOPLIST_KEY_UISupportedInterfaceOrientations_iPad = "UIInterfaceOrientationPortrait UIInterfaceOrientationPortraitUpsideDown UIInterfaceOrientationLandscapeLeft UIInterfaceOrientationLandscapeRight";
				INFOPLIST_KEY_UISupportedInterfaceOrientations_iPhone = "UIInterfaceOrientationPortrait UIInterfaceOrientationLandscapeLeft UIInterfaceOrientationLandscapeRight";
				LD_RUNPATH_SEARCH_PATHS = (
					"$(inherited)",
					"@executable_path/Frameworks",
				);
				MARKETING_VERSION = 1.0;
				PRODUCT_BUNDLE_IDENTIFIER = "com.ekayaint.SwiftUI-SocialMediaApp-Sample";
				PRODUCT_NAME = "$(TARGET_NAME)";
				SWIFT_EMIT_LOC_STRINGS = YES;
				SWIFT_VERSION = 5.0;
				TARGETED_DEVICE_FAMILY = "1,2";
			};
			name = Release;
		};
/* End XCBuildConfiguration section */

/* Begin XCConfigurationList section */
		49AF9B192ACC1498009F6404 /* Build configuration list for PBXProject "SwiftUI-SocialMediaApp-Sample" */ = {
			isa = XCConfigurationList;
			buildConfigurations = (
				49AF9B2A2ACC149A009F6404 /* Debug */,
				49AF9B2B2ACC149A009F6404 /* Release */,
			);
			defaultConfigurationIsVisible = 0;
			defaultConfigurationName = Release;
		};
		49AF9B2C2ACC149A009F6404 /* Build configuration list for PBXNativeTarget "SwiftUI-SocialMediaApp-Sample" */ = {
			isa = XCConfigurationList;
			buildConfigurations = (
				49AF9B2D2ACC149A009F6404 /* Debug */,
				49AF9B2E2ACC149A009F6404 /* Release */,
			);
			defaultConfigurationIsVisible = 0;
			defaultConfigurationName = Release;
		};
/* End XCConfigurationList section */

/* Begin XCRemoteSwiftPackageReference section */
		49AF9B362ACD76C3009F6404 /* XCRemoteSwiftPackageReference "firebase-ios-sdk" */ = {
			isa = XCRemoteSwiftPackageReference;
			repositoryURL = "https://github.com/firebase/firebase-ios-sdk.git";
			requirement = {
				kind = upToNextMajorVersion;
				minimumVersion = 10.16.0;
			};
		};
		49AF9B962ADF02A9009F6404 /* XCRemoteSwiftPackageReference "Kingfisher" */ = {
			isa = XCRemoteSwiftPackageReference;
			repositoryURL = "https://github.com/onevcat/Kingfisher";
			requirement = {
				kind = upToNextMajorVersion;
				minimumVersion = 7.9.1;
			};
		};
/* End XCRemoteSwiftPackageReference section */

/* Begin XCSwiftPackageProductDependency section */
		49AF9B372ACD76C3009F6404 /* FirebaseAuth */ = {
			isa = XCSwiftPackageProductDependency;
			package = 49AF9B362ACD76C3009F6404 /* XCRemoteSwiftPackageReference "firebase-ios-sdk" */;
			productName = FirebaseAuth;
		};
		49AF9B392ACD76C3009F6404 /* FirebaseDatabaseSwift */ = {
			isa = XCSwiftPackageProductDependency;
			package = 49AF9B362ACD76C3009F6404 /* XCRemoteSwiftPackageReference "firebase-ios-sdk" */;
			productName = FirebaseDatabaseSwift;
		};
		49AF9B3B2ACD76C3009F6404 /* FirebaseFirestore */ = {
			isa = XCSwiftPackageProductDependency;
			package = 49AF9B362ACD76C3009F6404 /* XCRemoteSwiftPackageReference "firebase-ios-sdk" */;
			productName = FirebaseFirestore;
		};
		49AF9B3D2ACD76C3009F6404 /* FirebaseStorage */ = {
			isa = XCSwiftPackageProductDependency;
			package = 49AF9B362ACD76C3009F6404 /* XCRemoteSwiftPackageReference "firebase-ios-sdk" */;
			productName = FirebaseStorage;
		};
		49AF9B972ADF02A9009F6404 /* Kingfisher */ = {
			isa = XCSwiftPackageProductDependency;
			package = 49AF9B962ADF02A9009F6404 /* XCRemoteSwiftPackageReference "Kingfisher" */;
			productName = Kingfisher;
		};
/* End XCSwiftPackageProductDependency section */
	};
	rootObject = 49AF9B162ACC1498009F6404 /* Project object */;
}
